// !$*UTF8*$!
{
	archiveVersion = 1;
	classes = {
	};
	objectVersion = 46;
	objects = {

/* Begin PBXBuildFile section */
		F7167B701DEAFC9C00A90E85 /* Module.swift in Sources */ = {isa = PBXBuildFile; fileRef = F7167B6F1DEAFC9C00A90E85 /* Module.swift */; };
		F71A0F231ED7E36A00D4D57D /* CollapsiblePicker.swift in Sources */ = {isa = PBXBuildFile; fileRef = F71A0F211ED7E36A00D4D57D /* CollapsiblePicker.swift */; };
		F71A0F241ED7E36A00D4D57D /* CollapsiblePicker.xib in Resources */ = {isa = PBXBuildFile; fileRef = F71A0F221ED7E36A00D4D57D /* CollapsiblePicker.xib */; };
		F71A0F271ED7E45F00D4D57D /* CollapsiblePickerTableViewCell.swift in Sources */ = {isa = PBXBuildFile; fileRef = F71A0F251ED7E45F00D4D57D /* CollapsiblePickerTableViewCell.swift */; };
		F71A0F281ED7E45F00D4D57D /* CollapsiblePickerTableViewCell.xib in Resources */ = {isa = PBXBuildFile; fileRef = F71A0F261ED7E45F00D4D57D /* CollapsiblePickerTableViewCell.xib */; };
		F73511851ED7B21900D82895 /* Colors.swift in Sources */ = {isa = PBXBuildFile; fileRef = F73511841ED7B21900D82895 /* Colors.swift */; };
		F73511871ED7B51700D82895 /* UIView+Inspectables.swift in Sources */ = {isa = PBXBuildFile; fileRef = F73511861ED7B51700D82895 /* UIView+Inspectables.swift */; };
		F735118E1ED7C03000D82895 /* SpelledCharacterTableViewCell.swift in Sources */ = {isa = PBXBuildFile; fileRef = F73511891ED7C03000D82895 /* SpelledCharacterTableViewCell.swift */; };
		F735118F1ED7C03000D82895 /* SpelledCharacterTableViewCell.xib in Resources */ = {isa = PBXBuildFile; fileRef = F735118A1ED7C03000D82895 /* SpelledCharacterTableViewCell.xib */; };
		F73511901ED7C03000D82895 /* SpelledCharacterViewModel.swift in Sources */ = {isa = PBXBuildFile; fileRef = F735118C1ED7C03000D82895 /* SpelledCharacterViewModel.swift */; };
		F73511911ED7C03000D82895 /* SpellingViewModel.swift in Sources */ = {isa = PBXBuildFile; fileRef = F735118D1ED7C03000D82895 /* SpellingViewModel.swift */; };
		F73511931ED7C05600D82895 /* SpellingTableViewManager.swift in Sources */ = {isa = PBXBuildFile; fileRef = F73511921ED7C05600D82895 /* SpellingTableViewManager.swift */; };
		F74F5CAD1EDC34D2004114B9 /* PhraseTextField.swift in Sources */ = {isa = PBXBuildFile; fileRef = F74F5CAC1EDC34D2004114B9 /* PhraseTextField.swift */; };
		F75B29631DF3BEFF00C6B8DB /* UIViewController+KeyboardManagement.swift in Sources */ = {isa = PBXBuildFile; fileRef = F75B29621DF3BEFF00C6B8DB /* UIViewController+KeyboardManagement.swift */; };
		F75B29651DF3CC0300C6B8DB /* UIView+ToggleAlpha.swift in Sources */ = {isa = PBXBuildFile; fileRef = F75B29641DF3CC0300C6B8DB /* UIView+ToggleAlpha.swift */; };
		F75B29721DF3D4C900C6B8DB /* SpellingController.swift in Sources */ = {isa = PBXBuildFile; fileRef = F75B296B1DF3D4C900C6B8DB /* SpellingController.swift */; };
		F75B29731DF3D4C900C6B8DB /* SpellingRouter.swift in Sources */ = {isa = PBXBuildFile; fileRef = F75B296C1DF3D4C900C6B8DB /* SpellingRouter.swift */; };
		F75B29741DF3D4C900C6B8DB /* SpellingView.swift in Sources */ = {isa = PBXBuildFile; fileRef = F75B296D1DF3D4C900C6B8DB /* SpellingView.swift */; };
		F768D1211DCF17B40084E2EA /* AppDelegate.swift in Sources */ = {isa = PBXBuildFile; fileRef = F768D1201DCF17B40084E2EA /* AppDelegate.swift */; };
		F768D1261DCF17B40084E2EA /* Main.storyboard in Resources */ = {isa = PBXBuildFile; fileRef = F768D1241DCF17B40084E2EA /* Main.storyboard */; };
		F768D1281DCF17B40084E2EA /* Assets.xcassets in Resources */ = {isa = PBXBuildFile; fileRef = F768D1271DCF17B40084E2EA /* Assets.xcassets */; };
		F768D12B1DCF17B40084E2EA /* LaunchScreen.storyboard in Resources */ = {isa = PBXBuildFile; fileRef = F768D1291DCF17B40084E2EA /* LaunchScreen.storyboard */; };
		F768D1361DCF17B40084E2EA /* BeeTests.swift in Sources */ = {isa = PBXBuildFile; fileRef = F768D1351DCF17B40084E2EA /* BeeTests.swift */; };
		F768D1411DCF17B40084E2EA /* BeeUITests.swift in Sources */ = {isa = PBXBuildFile; fileRef = F768D1401DCF17B40084E2EA /* BeeUITests.swift */; };
		F784359F1ED51BC50044A9C1 /* SnapshotHelper.swift in Sources */ = {isa = PBXBuildFile; fileRef = F784359E1ED51BC50044A9C1 /* SnapshotHelper.swift */; };
		F78435B01ED51C640044A9C1 /* SDStatusBarManager.m in Sources */ = {isa = PBXBuildFile; fileRef = F78435A21ED51C640044A9C1 /* SDStatusBarManager.m */; };
		F78435B11ED51C640044A9C1 /* SDStatusBarOverriderPost10_0.m in Sources */ = {isa = PBXBuildFile; fileRef = F78435A51ED51C640044A9C1 /* SDStatusBarOverriderPost10_0.m */; };
		F78435B21ED51C640044A9C1 /* SDStatusBarOverriderPost10_3.m in Sources */ = {isa = PBXBuildFile; fileRef = F78435A71ED51C640044A9C1 /* SDStatusBarOverriderPost10_3.m */; };
		F78435B31ED51C640044A9C1 /* SDStatusBarOverriderPost8_3.m in Sources */ = {isa = PBXBuildFile; fileRef = F78435A91ED51C640044A9C1 /* SDStatusBarOverriderPost8_3.m */; };
		F78435B41ED51C640044A9C1 /* SDStatusBarOverriderPost9_0.m in Sources */ = {isa = PBXBuildFile; fileRef = F78435AB1ED51C640044A9C1 /* SDStatusBarOverriderPost9_0.m */; };
		F78435B51ED51C640044A9C1 /* SDStatusBarOverriderPost9_3.m in Sources */ = {isa = PBXBuildFile; fileRef = F78435AD1ED51C640044A9C1 /* SDStatusBarOverriderPost9_3.m */; };
		F78435B61ED51C640044A9C1 /* SDStatusBarOverriderPre8_3.m in Sources */ = {isa = PBXBuildFile; fileRef = F78435AF1ED51C640044A9C1 /* SDStatusBarOverriderPre8_3.m */; };
		F7B534E11DF5879600BD317F /* ActionViewController.swift in Sources */ = {isa = PBXBuildFile; fileRef = F7B534E01DF5879600BD317F /* ActionViewController.swift */; };
		F7B534E41DF5879600BD317F /* MainInterface.storyboard in Resources */ = {isa = PBXBuildFile; fileRef = F7B534E21DF5879600BD317F /* MainInterface.storyboard */; };
		F7B534E81DF5879600BD317F /* QuickSpell.appex in Embed App Extensions */ = {isa = PBXBuildFile; fileRef = F7B534DE1DF5879600BD317F /* QuickSpell.appex */; settings = {ATTRIBUTES = (RemoveHeadersOnCopy, ); }; };
		F7B534EE1DF6AA1900BD317F /* QuickSpell.xcassets in Resources */ = {isa = PBXBuildFile; fileRef = F7B534ED1DF6AA1900BD317F /* QuickSpell.xcassets */; };
		F7C22CDB1DF29E5600517239 /* UITableView+ReuseIdentifiers.swift in Sources */ = {isa = PBXBuildFile; fileRef = F7C22CDA1DF29E5600517239 /* UITableView+ReuseIdentifiers.swift */; };
		F7D74ED51DE6E9DE002C278D /* Speller.framework in Frameworks */ = {isa = PBXBuildFile; fileRef = F7D74ED41DE6E9DE002C278D /* Speller.framework */; };
		F7EC7D101EDBF5D80065350C /* DisclosureArrow.swift in Sources */ = {isa = PBXBuildFile; fileRef = F7EC7D0F1EDBF5D80065350C /* DisclosureArrow.swift */; };
		F7EC7D141EDC0B2B0065350C /* GradientView.swift in Sources */ = {isa = PBXBuildFile; fileRef = F7EC7D131EDC0B2B0065350C /* GradientView.swift */; };
/* End PBXBuildFile section */

/* Begin PBXContainerItemProxy section */
		F768D1321DCF17B40084E2EA /* PBXContainerItemProxy */ = {
			isa = PBXContainerItemProxy;
			containerPortal = F768D1151DCF17B40084E2EA /* Project object */;
			proxyType = 1;
			remoteGlobalIDString = F768D11C1DCF17B40084E2EA;
			remoteInfo = Bee;
		};
		F768D13D1DCF17B40084E2EA /* PBXContainerItemProxy */ = {
			isa = PBXContainerItemProxy;
			containerPortal = F768D1151DCF17B40084E2EA /* Project object */;
			proxyType = 1;
			remoteGlobalIDString = F768D11C1DCF17B40084E2EA;
			remoteInfo = Bee;
		};
		F7B534E61DF5879600BD317F /* PBXContainerItemProxy */ = {
			isa = PBXContainerItemProxy;
			containerPortal = F768D1151DCF17B40084E2EA /* Project object */;
			proxyType = 1;
			remoteGlobalIDString = F7B534DD1DF5879600BD317F;
			remoteInfo = QuickSpell;
		};
/* End PBXContainerItemProxy section */

/* Begin PBXCopyFilesBuildPhase section */
		F7B534EC1DF5879600BD317F /* Embed App Extensions */ = {
			isa = PBXCopyFilesBuildPhase;
			buildActionMask = 2147483647;
			dstPath = "";
			dstSubfolderSpec = 13;
			files = (
				F7B534E81DF5879600BD317F /* QuickSpell.appex in Embed App Extensions */,
			);
			name = "Embed App Extensions";
			runOnlyForDeploymentPostprocessing = 0;
		};
/* End PBXCopyFilesBuildPhase section */

/* Begin PBXFileReference section */
		F7167B6F1DEAFC9C00A90E85 /* Module.swift */ = {isa = PBXFileReference; fileEncoding = 4; lastKnownFileType = sourcecode.swift; path = Module.swift; sourceTree = "<group>"; };
		F71A0F211ED7E36A00D4D57D /* CollapsiblePicker.swift */ = {isa = PBXFileReference; fileEncoding = 4; lastKnownFileType = sourcecode.swift; path = CollapsiblePicker.swift; sourceTree = "<group>"; };
		F71A0F221ED7E36A00D4D57D /* CollapsiblePicker.xib */ = {isa = PBXFileReference; fileEncoding = 4; lastKnownFileType = file.xib; path = CollapsiblePicker.xib; sourceTree = "<group>"; };
		F71A0F251ED7E45F00D4D57D /* CollapsiblePickerTableViewCell.swift */ = {isa = PBXFileReference; fileEncoding = 4; lastKnownFileType = sourcecode.swift; path = CollapsiblePickerTableViewCell.swift; sourceTree = "<group>"; };
		F71A0F261ED7E45F00D4D57D /* CollapsiblePickerTableViewCell.xib */ = {isa = PBXFileReference; fileEncoding = 4; lastKnownFileType = file.xib; path = CollapsiblePickerTableViewCell.xib; sourceTree = "<group>"; };
		F73511841ED7B21900D82895 /* Colors.swift */ = {isa = PBXFileReference; fileEncoding = 4; lastKnownFileType = sourcecode.swift; path = Colors.swift; sourceTree = "<group>"; };
		F73511861ED7B51700D82895 /* UIView+Inspectables.swift */ = {isa = PBXFileReference; fileEncoding = 4; lastKnownFileType = sourcecode.swift; path = "UIView+Inspectables.swift"; sourceTree = "<group>"; };
		F73511891ED7C03000D82895 /* SpelledCharacterTableViewCell.swift */ = {isa = PBXFileReference; fileEncoding = 4; lastKnownFileType = sourcecode.swift; path = SpelledCharacterTableViewCell.swift; sourceTree = "<group>"; };
		F735118A1ED7C03000D82895 /* SpelledCharacterTableViewCell.xib */ = {isa = PBXFileReference; fileEncoding = 4; lastKnownFileType = file.xib; path = SpelledCharacterTableViewCell.xib; sourceTree = "<group>"; };
		F735118C1ED7C03000D82895 /* SpelledCharacterViewModel.swift */ = {isa = PBXFileReference; fileEncoding = 4; lastKnownFileType = sourcecode.swift; path = SpelledCharacterViewModel.swift; sourceTree = "<group>"; };
		F735118D1ED7C03000D82895 /* SpellingViewModel.swift */ = {isa = PBXFileReference; fileEncoding = 4; lastKnownFileType = sourcecode.swift; path = SpellingViewModel.swift; sourceTree = "<group>"; };
		F73511921ED7C05600D82895 /* SpellingTableViewManager.swift */ = {isa = PBXFileReference; fileEncoding = 4; lastKnownFileType = sourcecode.swift; path = SpellingTableViewManager.swift; sourceTree = "<group>"; };
		F74F5CAC1EDC34D2004114B9 /* PhraseTextField.swift */ = {isa = PBXFileReference; fileEncoding = 4; lastKnownFileType = sourcecode.swift; path = PhraseTextField.swift; sourceTree = "<group>"; };
		F75B29621DF3BEFF00C6B8DB /* UIViewController+KeyboardManagement.swift */ = {isa = PBXFileReference; fileEncoding = 4; lastKnownFileType = sourcecode.swift; path = "UIViewController+KeyboardManagement.swift"; sourceTree = "<group>"; };
		F75B29641DF3CC0300C6B8DB /* UIView+ToggleAlpha.swift */ = {isa = PBXFileReference; fileEncoding = 4; lastKnownFileType = sourcecode.swift; path = "UIView+ToggleAlpha.swift"; sourceTree = "<group>"; };
		F75B296B1DF3D4C900C6B8DB /* SpellingController.swift */ = {isa = PBXFileReference; fileEncoding = 4; lastKnownFileType = sourcecode.swift; path = SpellingController.swift; sourceTree = "<group>"; };
		F75B296C1DF3D4C900C6B8DB /* SpellingRouter.swift */ = {isa = PBXFileReference; fileEncoding = 4; lastKnownFileType = sourcecode.swift; path = SpellingRouter.swift; sourceTree = "<group>"; };
		F75B296D1DF3D4C900C6B8DB /* SpellingView.swift */ = {isa = PBXFileReference; fileEncoding = 4; lastKnownFileType = sourcecode.swift; path = SpellingView.swift; sourceTree = "<group>"; };
		F768D11D1DCF17B40084E2EA /* Bee.app */ = {isa = PBXFileReference; explicitFileType = wrapper.application; includeInIndex = 0; path = Bee.app; sourceTree = BUILT_PRODUCTS_DIR; };
		F768D1201DCF17B40084E2EA /* AppDelegate.swift */ = {isa = PBXFileReference; lastKnownFileType = sourcecode.swift; path = AppDelegate.swift; sourceTree = "<group>"; };
		F768D1251DCF17B40084E2EA /* Base */ = {isa = PBXFileReference; lastKnownFileType = file.storyboard; name = Base; path = Base.lproj/Main.storyboard; sourceTree = "<group>"; };
		F768D1271DCF17B40084E2EA /* Assets.xcassets */ = {isa = PBXFileReference; lastKnownFileType = folder.assetcatalog; path = Assets.xcassets; sourceTree = "<group>"; };
		F768D12A1DCF17B40084E2EA /* Base */ = {isa = PBXFileReference; lastKnownFileType = file.storyboard; name = Base; path = Base.lproj/LaunchScreen.storyboard; sourceTree = "<group>"; };
		F768D12C1DCF17B40084E2EA /* Info.plist */ = {isa = PBXFileReference; lastKnownFileType = text.plist.xml; path = Info.plist; sourceTree = "<group>"; };
		F768D1311DCF17B40084E2EA /* BeeTests.xctest */ = {isa = PBXFileReference; explicitFileType = wrapper.cfbundle; includeInIndex = 0; path = BeeTests.xctest; sourceTree = BUILT_PRODUCTS_DIR; };
		F768D1351DCF17B40084E2EA /* BeeTests.swift */ = {isa = PBXFileReference; lastKnownFileType = sourcecode.swift; path = BeeTests.swift; sourceTree = "<group>"; };
		F768D1371DCF17B40084E2EA /* Info.plist */ = {isa = PBXFileReference; lastKnownFileType = text.plist.xml; path = Info.plist; sourceTree = "<group>"; };
		F768D13C1DCF17B40084E2EA /* BeeUITests.xctest */ = {isa = PBXFileReference; explicitFileType = wrapper.cfbundle; includeInIndex = 0; path = BeeUITests.xctest; sourceTree = BUILT_PRODUCTS_DIR; };
		F768D1401DCF17B40084E2EA /* BeeUITests.swift */ = {isa = PBXFileReference; lastKnownFileType = sourcecode.swift; path = BeeUITests.swift; sourceTree = "<group>"; };
		F768D1421DCF17B40084E2EA /* Info.plist */ = {isa = PBXFileReference; lastKnownFileType = text.plist.xml; path = Info.plist; sourceTree = "<group>"; };
		F784359E1ED51BC50044A9C1 /* SnapshotHelper.swift */ = {isa = PBXFileReference; fileEncoding = 4; lastKnownFileType = sourcecode.swift; path = SnapshotHelper.swift; sourceTree = "<group>"; };
		F78435A11ED51C640044A9C1 /* SDStatusBarManager.h */ = {isa = PBXFileReference; fileEncoding = 4; lastKnownFileType = sourcecode.c.h; path = SDStatusBarManager.h; sourceTree = "<group>"; };
		F78435A21ED51C640044A9C1 /* SDStatusBarManager.m */ = {isa = PBXFileReference; fileEncoding = 4; lastKnownFileType = sourcecode.c.objc; path = SDStatusBarManager.m; sourceTree = "<group>"; };
		F78435A31ED51C640044A9C1 /* SDStatusBarOverrider.h */ = {isa = PBXFileReference; fileEncoding = 4; lastKnownFileType = sourcecode.c.h; path = SDStatusBarOverrider.h; sourceTree = "<group>"; };
		F78435A41ED51C640044A9C1 /* SDStatusBarOverriderPost10_0.h */ = {isa = PBXFileReference; fileEncoding = 4; lastKnownFileType = sourcecode.c.h; path = SDStatusBarOverriderPost10_0.h; sourceTree = "<group>"; };
		F78435A51ED51C640044A9C1 /* SDStatusBarOverriderPost10_0.m */ = {isa = PBXFileReference; fileEncoding = 4; lastKnownFileType = sourcecode.c.objc; path = SDStatusBarOverriderPost10_0.m; sourceTree = "<group>"; };
		F78435A61ED51C640044A9C1 /* SDStatusBarOverriderPost10_3.h */ = {isa = PBXFileReference; fileEncoding = 4; lastKnownFileType = sourcecode.c.h; path = SDStatusBarOverriderPost10_3.h; sourceTree = "<group>"; };
		F78435A71ED51C640044A9C1 /* SDStatusBarOverriderPost10_3.m */ = {isa = PBXFileReference; fileEncoding = 4; lastKnownFileType = sourcecode.c.objc; path = SDStatusBarOverriderPost10_3.m; sourceTree = "<group>"; };
		F78435A81ED51C640044A9C1 /* SDStatusBarOverriderPost8_3.h */ = {isa = PBXFileReference; fileEncoding = 4; lastKnownFileType = sourcecode.c.h; path = SDStatusBarOverriderPost8_3.h; sourceTree = "<group>"; };
		F78435A91ED51C640044A9C1 /* SDStatusBarOverriderPost8_3.m */ = {isa = PBXFileReference; fileEncoding = 4; lastKnownFileType = sourcecode.c.objc; path = SDStatusBarOverriderPost8_3.m; sourceTree = "<group>"; };
		F78435AA1ED51C640044A9C1 /* SDStatusBarOverriderPost9_0.h */ = {isa = PBXFileReference; fileEncoding = 4; lastKnownFileType = sourcecode.c.h; path = SDStatusBarOverriderPost9_0.h; sourceTree = "<group>"; };
		F78435AB1ED51C640044A9C1 /* SDStatusBarOverriderPost9_0.m */ = {isa = PBXFileReference; fileEncoding = 4; lastKnownFileType = sourcecode.c.objc; path = SDStatusBarOverriderPost9_0.m; sourceTree = "<group>"; };
		F78435AC1ED51C640044A9C1 /* SDStatusBarOverriderPost9_3.h */ = {isa = PBXFileReference; fileEncoding = 4; lastKnownFileType = sourcecode.c.h; path = SDStatusBarOverriderPost9_3.h; sourceTree = "<group>"; };
		F78435AD1ED51C640044A9C1 /* SDStatusBarOverriderPost9_3.m */ = {isa = PBXFileReference; fileEncoding = 4; lastKnownFileType = sourcecode.c.objc; path = SDStatusBarOverriderPost9_3.m; sourceTree = "<group>"; };
		F78435AE1ED51C640044A9C1 /* SDStatusBarOverriderPre8_3.h */ = {isa = PBXFileReference; fileEncoding = 4; lastKnownFileType = sourcecode.c.h; path = SDStatusBarOverriderPre8_3.h; sourceTree = "<group>"; };
		F78435AF1ED51C640044A9C1 /* SDStatusBarOverriderPre8_3.m */ = {isa = PBXFileReference; fileEncoding = 4; lastKnownFileType = sourcecode.c.objc; path = SDStatusBarOverriderPre8_3.m; sourceTree = "<group>"; };
		F78435B71ED51C790044A9C1 /* BeeUITestsBridgingHeader.h */ = {isa = PBXFileReference; lastKnownFileType = sourcecode.c.h; path = BeeUITestsBridgingHeader.h; sourceTree = "<group>"; };
		F7B534DE1DF5879600BD317F /* QuickSpell.appex */ = {isa = PBXFileReference; explicitFileType = "wrapper.app-extension"; includeInIndex = 0; path = QuickSpell.appex; sourceTree = BUILT_PRODUCTS_DIR; };
		F7B534E01DF5879600BD317F /* ActionViewController.swift */ = {isa = PBXFileReference; lastKnownFileType = sourcecode.swift; path = ActionViewController.swift; sourceTree = "<group>"; };
		F7B534E31DF5879600BD317F /* Base */ = {isa = PBXFileReference; lastKnownFileType = file.storyboard; name = Base; path = Base.lproj/MainInterface.storyboard; sourceTree = "<group>"; };
		F7B534E51DF5879600BD317F /* Info.plist */ = {isa = PBXFileReference; lastKnownFileType = text.plist.xml; path = Info.plist; sourceTree = "<group>"; };
		F7B534ED1DF6AA1900BD317F /* QuickSpell.xcassets */ = {isa = PBXFileReference; lastKnownFileType = folder.assetcatalog; path = QuickSpell.xcassets; sourceTree = "<group>"; };
		F7C22CDA1DF29E5600517239 /* UITableView+ReuseIdentifiers.swift */ = {isa = PBXFileReference; fileEncoding = 4; lastKnownFileType = sourcecode.swift; path = "UITableView+ReuseIdentifiers.swift"; sourceTree = "<group>"; };
		F7D74ED41DE6E9DE002C278D /* Speller.framework */ = {isa = PBXFileReference; lastKnownFileType = wrapper.framework; name = Speller.framework; path = Carthage/Build/iOS/Speller.framework; sourceTree = "<group>"; };
		F7EC7D0F1EDBF5D80065350C /* DisclosureArrow.swift */ = {isa = PBXFileReference; fileEncoding = 4; lastKnownFileType = sourcecode.swift; path = DisclosureArrow.swift; sourceTree = "<group>"; };
		F7EC7D131EDC0B2B0065350C /* GradientView.swift */ = {isa = PBXFileReference; fileEncoding = 4; lastKnownFileType = sourcecode.swift; path = GradientView.swift; sourceTree = "<group>"; };
/* End PBXFileReference section */

/* Begin PBXFrameworksBuildPhase section */
		F768D11A1DCF17B40084E2EA /* Frameworks */ = {
			isa = PBXFrameworksBuildPhase;
			buildActionMask = 2147483647;
			files = (
				F7D74ED51DE6E9DE002C278D /* Speller.framework in Frameworks */,
			);
			runOnlyForDeploymentPostprocessing = 0;
		};
		F768D12E1DCF17B40084E2EA /* Frameworks */ = {
			isa = PBXFrameworksBuildPhase;
			buildActionMask = 2147483647;
			files = (
			);
			runOnlyForDeploymentPostprocessing = 0;
		};
		F768D1391DCF17B40084E2EA /* Frameworks */ = {
			isa = PBXFrameworksBuildPhase;
			buildActionMask = 2147483647;
			files = (
			);
			runOnlyForDeploymentPostprocessing = 0;
		};
		F7B534DB1DF5879600BD317F /* Frameworks */ = {
			isa = PBXFrameworksBuildPhase;
			buildActionMask = 2147483647;
			files = (
			);
			runOnlyForDeploymentPostprocessing = 0;
		};
/* End PBXFrameworksBuildPhase section */

/* Begin PBXGroup section */
		F7167B6E1DEAF04500A90E85 /* Architecture */ = {
			isa = PBXGroup;
			children = (
				F7167B6F1DEAFC9C00A90E85 /* Module.swift */,
			);
			path = Architecture;
			sourceTree = "<group>";
		};
		F71A0F201ED7E36A00D4D57D /* CollapsiblePicker */ = {
			isa = PBXGroup;
			children = (
				F71A0F211ED7E36A00D4D57D /* CollapsiblePicker.swift */,
				F71A0F221ED7E36A00D4D57D /* CollapsiblePicker.xib */,
				F71A0F251ED7E45F00D4D57D /* CollapsiblePickerTableViewCell.swift */,
				F71A0F261ED7E45F00D4D57D /* CollapsiblePickerTableViewCell.xib */,
				F7EC7D0F1EDBF5D80065350C /* DisclosureArrow.swift */,
				F7EC7D131EDC0B2B0065350C /* GradientView.swift */,
			);
			path = CollapsiblePicker;
			sourceTree = "<group>";
		};
		F73511831ED7B20500D82895 /* Appearance */ = {
			isa = PBXGroup;
			children = (
				F73511841ED7B21900D82895 /* Colors.swift */,
				F73511861ED7B51700D82895 /* UIView+Inspectables.swift */,
				F74F5CAC1EDC34D2004114B9 /* PhraseTextField.swift */,
			);
			path = Appearance;
			sourceTree = "<group>";
		};
		F73511881ED7C03000D82895 /* SpellingTableView */ = {
			isa = PBXGroup;
			children = (
				F73511921ED7C05600D82895 /* SpellingTableViewManager.swift */,
				F73511891ED7C03000D82895 /* SpelledCharacterTableViewCell.swift */,
				F735118A1ED7C03000D82895 /* SpelledCharacterTableViewCell.xib */,
			);
			path = SpellingTableView;
			sourceTree = "<group>";
		};
		F735118B1ED7C03000D82895 /* ViewModels */ = {
			isa = PBXGroup;
			children = (
				F735118C1ED7C03000D82895 /* SpelledCharacterViewModel.swift */,
				F735118D1ED7C03000D82895 /* SpellingViewModel.swift */,
			);
			path = ViewModels;
			sourceTree = "<group>";
		};
		F75B29661DF3D4C900C6B8DB /* Modules */ = {
			isa = PBXGroup;
			children = (
				F75B29671DF3D4C900C6B8DB /* Spelling */,
			);
			path = Modules;
			sourceTree = "<group>";
		};
		F75B29671DF3D4C900C6B8DB /* Spelling */ = {
			isa = PBXGroup;
			children = (
				F75B296B1DF3D4C900C6B8DB /* SpellingController.swift */,
				F75B296C1DF3D4C900C6B8DB /* SpellingRouter.swift */,
				F75B296D1DF3D4C900C6B8DB /* SpellingView.swift */,
				F73511881ED7C03000D82895 /* SpellingTableView */,
				F71A0F201ED7E36A00D4D57D /* CollapsiblePicker */,
				F735118B1ED7C03000D82895 /* ViewModels */,
			);
			path = Spelling;
			sourceTree = "<group>";
		};
		F768D1141DCF17B40084E2EA = {
			isa = PBXGroup;
			children = (
				F768D11F1DCF17B40084E2EA /* Bee */,
				F7B534DF1DF5879600BD317F /* QuickSpell */,
				F768D1341DCF17B40084E2EA /* BeeTests */,
				F768D13F1DCF17B40084E2EA /* BeeUITests */,
				F768D11E1DCF17B40084E2EA /* Products */,
				F7D74ED31DE6E9DE002C278D /* Frameworks */,
			);
			sourceTree = "<group>";
		};
		F768D11E1DCF17B40084E2EA /* Products */ = {
			isa = PBXGroup;
			children = (
				F768D11D1DCF17B40084E2EA /* Bee.app */,
				F768D1311DCF17B40084E2EA /* BeeTests.xctest */,
				F768D13C1DCF17B40084E2EA /* BeeUITests.xctest */,
				F7B534DE1DF5879600BD317F /* QuickSpell.appex */,
			);
			name = Products;
			sourceTree = "<group>";
		};
		F768D11F1DCF17B40084E2EA /* Bee */ = {
			isa = PBXGroup;
			children = (
				F768D1201DCF17B40084E2EA /* AppDelegate.swift */,
				F75B29661DF3D4C900C6B8DB /* Modules */,
				F73511831ED7B20500D82895 /* Appearance */,
				F7167B6E1DEAF04500A90E85 /* Architecture */,
				F7C22CD91DF29E3A00517239 /* Tools */,
				F768D1241DCF17B40084E2EA /* Main.storyboard */,
				F768D1271DCF17B40084E2EA /* Assets.xcassets */,
				F768D1291DCF17B40084E2EA /* LaunchScreen.storyboard */,
				F768D12C1DCF17B40084E2EA /* Info.plist */,
			);
			path = Bee;
			sourceTree = "<group>";
		};
		F768D1341DCF17B40084E2EA /* BeeTests */ = {
			isa = PBXGroup;
			children = (
				F768D1351DCF17B40084E2EA /* BeeTests.swift */,
				F768D1371DCF17B40084E2EA /* Info.plist */,
			);
			path = BeeTests;
			sourceTree = "<group>";
		};
		F768D13F1DCF17B40084E2EA /* BeeUITests */ = {
			isa = PBXGroup;
			children = (
				F78435B71ED51C790044A9C1 /* BeeUITestsBridgingHeader.h */,
				F768D1401DCF17B40084E2EA /* BeeUITests.swift */,
				F784359E1ED51BC50044A9C1 /* SnapshotHelper.swift */,
				F78435A01ED51C640044A9C1 /* SDStatusBarManager */,
				F768D1421DCF17B40084E2EA /* Info.plist */,
			);
			path = BeeUITests;
			sourceTree = "<group>";
		};
		F78435A01ED51C640044A9C1 /* SDStatusBarManager */ = {
			isa = PBXGroup;
			children = (
				F78435A11ED51C640044A9C1 /* SDStatusBarManager.h */,
				F78435A21ED51C640044A9C1 /* SDStatusBarManager.m */,
				F78435A31ED51C640044A9C1 /* SDStatusBarOverrider.h */,
				F78435A41ED51C640044A9C1 /* SDStatusBarOverriderPost10_0.h */,
				F78435A51ED51C640044A9C1 /* SDStatusBarOverriderPost10_0.m */,
				F78435A61ED51C640044A9C1 /* SDStatusBarOverriderPost10_3.h */,
				F78435A71ED51C640044A9C1 /* SDStatusBarOverriderPost10_3.m */,
				F78435A81ED51C640044A9C1 /* SDStatusBarOverriderPost8_3.h */,
				F78435A91ED51C640044A9C1 /* SDStatusBarOverriderPost8_3.m */,
				F78435AA1ED51C640044A9C1 /* SDStatusBarOverriderPost9_0.h */,
				F78435AB1ED51C640044A9C1 /* SDStatusBarOverriderPost9_0.m */,
				F78435AC1ED51C640044A9C1 /* SDStatusBarOverriderPost9_3.h */,
				F78435AD1ED51C640044A9C1 /* SDStatusBarOverriderPost9_3.m */,
				F78435AE1ED51C640044A9C1 /* SDStatusBarOverriderPre8_3.h */,
				F78435AF1ED51C640044A9C1 /* SDStatusBarOverriderPre8_3.m */,
			);
			path = SDStatusBarManager;
			sourceTree = "<group>";
		};
		F7B534DF1DF5879600BD317F /* QuickSpell */ = {
			isa = PBXGroup;
			children = (
				F7B534E01DF5879600BD317F /* ActionViewController.swift */,
				F7B534E21DF5879600BD317F /* MainInterface.storyboard */,
				F7B534E51DF5879600BD317F /* Info.plist */,
				F7B534ED1DF6AA1900BD317F /* QuickSpell.xcassets */,
			);
			path = QuickSpell;
			sourceTree = "<group>";
		};
		F7C22CD91DF29E3A00517239 /* Tools */ = {
			isa = PBXGroup;
			children = (
				F7C22CDA1DF29E5600517239 /* UITableView+ReuseIdentifiers.swift */,
				F75B29621DF3BEFF00C6B8DB /* UIViewController+KeyboardManagement.swift */,
				F75B29641DF3CC0300C6B8DB /* UIView+ToggleAlpha.swift */,
			);
			path = Tools;
			sourceTree = "<group>";
		};
		F7D74ED31DE6E9DE002C278D /* Frameworks */ = {
			isa = PBXGroup;
			children = (
				F7D74ED41DE6E9DE002C278D /* Speller.framework */,
			);
			name = Frameworks;
			sourceTree = "<group>";
		};
/* End PBXGroup section */

/* Begin PBXNativeTarget section */
		F768D11C1DCF17B40084E2EA /* Bee */ = {
			isa = PBXNativeTarget;
			buildConfigurationList = F768D1451DCF17B40084E2EA /* Build configuration list for PBXNativeTarget "Bee" */;
			buildPhases = (
				F768D1191DCF17B40084E2EA /* Sources */,
				F768D11A1DCF17B40084E2EA /* Frameworks */,
				F768D11B1DCF17B40084E2EA /* Resources */,
				F7D74ED61DE6E9EE002C278D /* Carthage - Copy Frameworks */,
				F7B534EC1DF5879600BD317F /* Embed App Extensions */,
			);
			buildRules = (
			);
			dependencies = (
				F7B534E71DF5879600BD317F /* PBXTargetDependency */,
			);
			name = Bee;
			productName = Bee;
			productReference = F768D11D1DCF17B40084E2EA /* Bee.app */;
			productType = "com.apple.product-type.application";
		};
		F768D1301DCF17B40084E2EA /* BeeTests */ = {
			isa = PBXNativeTarget;
			buildConfigurationList = F768D1481DCF17B40084E2EA /* Build configuration list for PBXNativeTarget "BeeTests" */;
			buildPhases = (
				F768D12D1DCF17B40084E2EA /* Sources */,
				F768D12E1DCF17B40084E2EA /* Frameworks */,
				F768D12F1DCF17B40084E2EA /* Resources */,
			);
			buildRules = (
			);
			dependencies = (
				F768D1331DCF17B40084E2EA /* PBXTargetDependency */,
			);
			name = BeeTests;
			productName = BeeTests;
			productReference = F768D1311DCF17B40084E2EA /* BeeTests.xctest */;
			productType = "com.apple.product-type.bundle.unit-test";
		};
		F768D13B1DCF17B40084E2EA /* BeeUITests */ = {
			isa = PBXNativeTarget;
			buildConfigurationList = F768D14B1DCF17B40084E2EA /* Build configuration list for PBXNativeTarget "BeeUITests" */;
			buildPhases = (
				F768D1381DCF17B40084E2EA /* Sources */,
				F768D1391DCF17B40084E2EA /* Frameworks */,
				F768D13A1DCF17B40084E2EA /* Resources */,
			);
			buildRules = (
			);
			dependencies = (
				F768D13E1DCF17B40084E2EA /* PBXTargetDependency */,
			);
			name = BeeUITests;
			productName = BeeUITests;
			productReference = F768D13C1DCF17B40084E2EA /* BeeUITests.xctest */;
			productType = "com.apple.product-type.bundle.ui-testing";
		};
		F7B534DD1DF5879600BD317F /* QuickSpell */ = {
			isa = PBXNativeTarget;
			buildConfigurationList = F7B534EB1DF5879600BD317F /* Build configuration list for PBXNativeTarget "QuickSpell" */;
			buildPhases = (
				F7B534DA1DF5879600BD317F /* Sources */,
				F7B534DB1DF5879600BD317F /* Frameworks */,
				F7B534DC1DF5879600BD317F /* Resources */,
			);
			buildRules = (
			);
			dependencies = (
			);
			name = QuickSpell;
			productName = QuickSpell;
			productReference = F7B534DE1DF5879600BD317F /* QuickSpell.appex */;
			productType = "com.apple.product-type.app-extension";
		};
/* End PBXNativeTarget section */

/* Begin PBXProject section */
		F768D1151DCF17B40084E2EA /* Project object */ = {
			isa = PBXProject;
			attributes = {
				LastSwiftUpdateCheck = 0810;
				LastUpgradeCheck = 0900;
				ORGANIZATIONNAME = "Jean-Étienne";
				TargetAttributes = {
					F768D11C1DCF17B40084E2EA = {
						CreatedOnToolsVersion = 8.1;
						DevelopmentTeam = N44EJ7YB22;
						LastSwiftMigration = 0900;
						ProvisioningStyle = Manual;
					};
					F768D1301DCF17B40084E2EA = {
						CreatedOnToolsVersion = 8.1;
						DevelopmentTeam = N44EJ7YB22;
						LastSwiftMigration = 0900;
						ProvisioningStyle = Automatic;
						TestTargetID = F768D11C1DCF17B40084E2EA;
					};
					F768D13B1DCF17B40084E2EA = {
						CreatedOnToolsVersion = 8.1;
						DevelopmentTeam = N44EJ7YB22;
						LastSwiftMigration = 0900;
						ProvisioningStyle = Automatic;
						TestTargetID = F768D11C1DCF17B40084E2EA;
					};
					F7B534DD1DF5879600BD317F = {
						CreatedOnToolsVersion = 8.1;
						DevelopmentTeam = N44EJ7YB22;
						LastSwiftMigration = 0900;
						ProvisioningStyle = Manual;
					};
				};
			};
			buildConfigurationList = F768D1181DCF17B40084E2EA /* Build configuration list for PBXProject "Bee" */;
			compatibilityVersion = "Xcode 3.2";
			developmentRegion = English;
			hasScannedForEncodings = 0;
			knownRegions = (
				en,
				Base,
			);
			mainGroup = F768D1141DCF17B40084E2EA;
			productRefGroup = F768D11E1DCF17B40084E2EA /* Products */;
			projectDirPath = "";
			projectRoot = "";
			targets = (
				F768D11C1DCF17B40084E2EA /* Bee */,
				F768D1301DCF17B40084E2EA /* BeeTests */,
				F768D13B1DCF17B40084E2EA /* BeeUITests */,
				F7B534DD1DF5879600BD317F /* QuickSpell */,
			);
		};
/* End PBXProject section */

/* Begin PBXResourcesBuildPhase section */
		F768D11B1DCF17B40084E2EA /* Resources */ = {
			isa = PBXResourcesBuildPhase;
			buildActionMask = 2147483647;
			files = (
				F768D12B1DCF17B40084E2EA /* LaunchScreen.storyboard in Resources */,
				F735118F1ED7C03000D82895 /* SpelledCharacterTableViewCell.xib in Resources */,
				F71A0F241ED7E36A00D4D57D /* CollapsiblePicker.xib in Resources */,
				F768D1281DCF17B40084E2EA /* Assets.xcassets in Resources */,
				F71A0F281ED7E45F00D4D57D /* CollapsiblePickerTableViewCell.xib in Resources */,
				F768D1261DCF17B40084E2EA /* Main.storyboard in Resources */,
			);
			runOnlyForDeploymentPostprocessing = 0;
		};
		F768D12F1DCF17B40084E2EA /* Resources */ = {
			isa = PBXResourcesBuildPhase;
			buildActionMask = 2147483647;
			files = (
			);
			runOnlyForDeploymentPostprocessing = 0;
		};
		F768D13A1DCF17B40084E2EA /* Resources */ = {
			isa = PBXResourcesBuildPhase;
			buildActionMask = 2147483647;
			files = (
			);
			runOnlyForDeploymentPostprocessing = 0;
		};
		F7B534DC1DF5879600BD317F /* Resources */ = {
			isa = PBXResourcesBuildPhase;
			buildActionMask = 2147483647;
			files = (
				F7B534EE1DF6AA1900BD317F /* QuickSpell.xcassets in Resources */,
				F7B534E41DF5879600BD317F /* MainInterface.storyboard in Resources */,
			);
			runOnlyForDeploymentPostprocessing = 0;
		};
/* End PBXResourcesBuildPhase section */

/* Begin PBXShellScriptBuildPhase section */
		F7D74ED61DE6E9EE002C278D /* Carthage - Copy Frameworks */ = {
			isa = PBXShellScriptBuildPhase;
			buildActionMask = 2147483647;
			files = (
			);
			inputPaths = (
				"$(SRCROOT)/Carthage/Build/iOS/Speller.framework",
			);
			name = "Carthage - Copy Frameworks";
			outputPaths = (
			);
			runOnlyForDeploymentPostprocessing = 0;
			shellPath = /bin/sh;
			shellScript = "/usr/local/bin/carthage copy-frameworks";
		};
/* End PBXShellScriptBuildPhase section */

/* Begin PBXSourcesBuildPhase section */
		F768D1191DCF17B40084E2EA /* Sources */ = {
			isa = PBXSourcesBuildPhase;
			buildActionMask = 2147483647;
			files = (
				F73511901ED7C03000D82895 /* SpelledCharacterViewModel.swift in Sources */,
				F73511931ED7C05600D82895 /* SpellingTableViewManager.swift in Sources */,
				F735118E1ED7C03000D82895 /* SpelledCharacterTableViewCell.swift in Sources */,
				F75B29741DF3D4C900C6B8DB /* SpellingView.swift in Sources */,
				F75B29731DF3D4C900C6B8DB /* SpellingRouter.swift in Sources */,
				F768D1211DCF17B40084E2EA /* AppDelegate.swift in Sources */,
				F7EC7D101EDBF5D80065350C /* DisclosureArrow.swift in Sources */,
				F75B29631DF3BEFF00C6B8DB /* UIViewController+KeyboardManagement.swift in Sources */,
				F7EC7D141EDC0B2B0065350C /* GradientView.swift in Sources */,
				F74F5CAD1EDC34D2004114B9 /* PhraseTextField.swift in Sources */,
				F75B29651DF3CC0300C6B8DB /* UIView+ToggleAlpha.swift in Sources */,
				F75B29721DF3D4C900C6B8DB /* SpellingController.swift in Sources */,
				F73511851ED7B21900D82895 /* Colors.swift in Sources */,
				F71A0F271ED7E45F00D4D57D /* CollapsiblePickerTableViewCell.swift in Sources */,
				F7167B701DEAFC9C00A90E85 /* Module.swift in Sources */,
				F7C22CDB1DF29E5600517239 /* UITableView+ReuseIdentifiers.swift in Sources */,
				F73511871ED7B51700D82895 /* UIView+Inspectables.swift in Sources */,
				F73511911ED7C03000D82895 /* SpellingViewModel.swift in Sources */,
				F71A0F231ED7E36A00D4D57D /* CollapsiblePicker.swift in Sources */,
			);
			runOnlyForDeploymentPostprocessing = 0;
		};
		F768D12D1DCF17B40084E2EA /* Sources */ = {
			isa = PBXSourcesBuildPhase;
			buildActionMask = 2147483647;
			files = (
				F768D1361DCF17B40084E2EA /* BeeTests.swift in Sources */,
			);
			runOnlyForDeploymentPostprocessing = 0;
		};
		F768D1381DCF17B40084E2EA /* Sources */ = {
			isa = PBXSourcesBuildPhase;
			buildActionMask = 2147483647;
			files = (
				F78435B21ED51C640044A9C1 /* SDStatusBarOverriderPost10_3.m in Sources */,
				F768D1411DCF17B40084E2EA /* BeeUITests.swift in Sources */,
				F78435B31ED51C640044A9C1 /* SDStatusBarOverriderPost8_3.m in Sources */,
				F78435B51ED51C640044A9C1 /* SDStatusBarOverriderPost9_3.m in Sources */,
				F78435B61ED51C640044A9C1 /* SDStatusBarOverriderPre8_3.m in Sources */,
				F78435B41ED51C640044A9C1 /* SDStatusBarOverriderPost9_0.m in Sources */,
				F78435B11ED51C640044A9C1 /* SDStatusBarOverriderPost10_0.m in Sources */,
				F78435B01ED51C640044A9C1 /* SDStatusBarManager.m in Sources */,
				F784359F1ED51BC50044A9C1 /* SnapshotHelper.swift in Sources */,
			);
			runOnlyForDeploymentPostprocessing = 0;
		};
		F7B534DA1DF5879600BD317F /* Sources */ = {
			isa = PBXSourcesBuildPhase;
			buildActionMask = 2147483647;
			files = (
				F7B534E11DF5879600BD317F /* ActionViewController.swift in Sources */,
			);
			runOnlyForDeploymentPostprocessing = 0;
		};
/* End PBXSourcesBuildPhase section */

/* Begin PBXTargetDependency section */
		F768D1331DCF17B40084E2EA /* PBXTargetDependency */ = {
			isa = PBXTargetDependency;
			target = F768D11C1DCF17B40084E2EA /* Bee */;
			targetProxy = F768D1321DCF17B40084E2EA /* PBXContainerItemProxy */;
		};
		F768D13E1DCF17B40084E2EA /* PBXTargetDependency */ = {
			isa = PBXTargetDependency;
			target = F768D11C1DCF17B40084E2EA /* Bee */;
			targetProxy = F768D13D1DCF17B40084E2EA /* PBXContainerItemProxy */;
		};
		F7B534E71DF5879600BD317F /* PBXTargetDependency */ = {
			isa = PBXTargetDependency;
			target = F7B534DD1DF5879600BD317F /* QuickSpell */;
			targetProxy = F7B534E61DF5879600BD317F /* PBXContainerItemProxy */;
		};
/* End PBXTargetDependency section */

/* Begin PBXVariantGroup section */
		F768D1241DCF17B40084E2EA /* Main.storyboard */ = {
			isa = PBXVariantGroup;
			children = (
				F768D1251DCF17B40084E2EA /* Base */,
			);
			name = Main.storyboard;
			sourceTree = "<group>";
		};
		F768D1291DCF17B40084E2EA /* LaunchScreen.storyboard */ = {
			isa = PBXVariantGroup;
			children = (
				F768D12A1DCF17B40084E2EA /* Base */,
			);
			name = LaunchScreen.storyboard;
			sourceTree = "<group>";
		};
		F7B534E21DF5879600BD317F /* MainInterface.storyboard */ = {
			isa = PBXVariantGroup;
			children = (
				F7B534E31DF5879600BD317F /* Base */,
			);
			name = MainInterface.storyboard;
			sourceTree = "<group>";
		};
/* End PBXVariantGroup section */

/* Begin XCBuildConfiguration section */
		F768D1431DCF17B40084E2EA /* Debug */ = {
			isa = XCBuildConfiguration;
			buildSettings = {
				ALWAYS_SEARCH_USER_PATHS = NO;
				CLANG_ANALYZER_NONNULL = YES;
				CLANG_CXX_LANGUAGE_STANDARD = "gnu++0x";
				CLANG_CXX_LIBRARY = "libc++";
				CLANG_ENABLE_MODULES = YES;
				CLANG_ENABLE_OBJC_ARC = YES;
				CLANG_WARN_BLOCK_CAPTURE_AUTORELEASING = YES;
				CLANG_WARN_BOOL_CONVERSION = YES;
				CLANG_WARN_COMMA = YES;
				CLANG_WARN_CONSTANT_CONVERSION = YES;
				CLANG_WARN_DIRECT_OBJC_ISA_USAGE = YES_ERROR;
				CLANG_WARN_DOCUMENTATION_COMMENTS = YES;
				CLANG_WARN_EMPTY_BODY = YES;
				CLANG_WARN_ENUM_CONVERSION = YES;
				CLANG_WARN_INFINITE_RECURSION = YES;
				CLANG_WARN_INT_CONVERSION = YES;
				CLANG_WARN_NON_LITERAL_NULL_CONVERSION = YES;
				CLANG_WARN_OBJC_LITERAL_CONVERSION = YES;
				CLANG_WARN_OBJC_ROOT_CLASS = YES_ERROR;
				CLANG_WARN_RANGE_LOOP_ANALYSIS = YES;
				CLANG_WARN_STRICT_PROTOTYPES = YES;
				CLANG_WARN_SUSPICIOUS_MOVE = YES;
				CLANG_WARN_SUSPICIOUS_MOVES = YES;
				CLANG_WARN_UNREACHABLE_CODE = YES;
				CLANG_WARN__DUPLICATE_METHOD_MATCH = YES;
				"CODE_SIGN_IDENTITY[sdk=iphoneos*]" = "iPhone Developer";
				COPY_PHASE_STRIP = NO;
				CURRENT_PROJECT_VERSION = 69;
				DEBUG_INFORMATION_FORMAT = dwarf;
				ENABLE_STRICT_OBJC_MSGSEND = YES;
				ENABLE_TESTABILITY = YES;
				GCC_C_LANGUAGE_STANDARD = gnu99;
				GCC_DYNAMIC_NO_PIC = NO;
				GCC_NO_COMMON_BLOCKS = YES;
				GCC_OPTIMIZATION_LEVEL = 0;
				GCC_PREPROCESSOR_DEFINITIONS = (
					"DEBUG=1",
					"$(inherited)",
				);
				GCC_WARN_64_TO_32_BIT_CONVERSION = YES;
				GCC_WARN_ABOUT_RETURN_TYPE = YES_ERROR;
				GCC_WARN_UNDECLARED_SELECTOR = YES;
				GCC_WARN_UNINITIALIZED_AUTOS = YES_AGGRESSIVE;
				GCC_WARN_UNUSED_FUNCTION = YES;
				GCC_WARN_UNUSED_VARIABLE = YES;
				IPHONEOS_DEPLOYMENT_TARGET = 10.0;
				MTL_ENABLE_DEBUG_INFO = YES;
				ONLY_ACTIVE_ARCH = YES;
				SDKROOT = iphoneos;
				SWIFT_ACTIVE_COMPILATION_CONDITIONS = DEBUG;
				SWIFT_OPTIMIZATION_LEVEL = "-Onone";
				SWIFT_SWIFT3_OBJC_INFERENCE = Off;
				TARGETED_DEVICE_FAMILY = "1,2";
			};
			name = Debug;
		};
		F768D1441DCF17B40084E2EA /* Release */ = {
			isa = XCBuildConfiguration;
			buildSettings = {
				ALWAYS_SEARCH_USER_PATHS = NO;
				CLANG_ANALYZER_NONNULL = YES;
				CLANG_CXX_LANGUAGE_STANDARD = "gnu++0x";
				CLANG_CXX_LIBRARY = "libc++";
				CLANG_ENABLE_MODULES = YES;
				CLANG_ENABLE_OBJC_ARC = YES;
				CLANG_WARN_BLOCK_CAPTURE_AUTORELEASING = YES;
				CLANG_WARN_BOOL_CONVERSION = YES;
				CLANG_WARN_COMMA = YES;
				CLANG_WARN_CONSTANT_CONVERSION = YES;
				CLANG_WARN_DIRECT_OBJC_ISA_USAGE = YES_ERROR;
				CLANG_WARN_DOCUMENTATION_COMMENTS = YES;
				CLANG_WARN_EMPTY_BODY = YES;
				CLANG_WARN_ENUM_CONVERSION = YES;
				CLANG_WARN_INFINITE_RECURSION = YES;
				CLANG_WARN_INT_CONVERSION = YES;
				CLANG_WARN_NON_LITERAL_NULL_CONVERSION = YES;
				CLANG_WARN_OBJC_LITERAL_CONVERSION = YES;
				CLANG_WARN_OBJC_ROOT_CLASS = YES_ERROR;
				CLANG_WARN_RANGE_LOOP_ANALYSIS = YES;
				CLANG_WARN_STRICT_PROTOTYPES = YES;
				CLANG_WARN_SUSPICIOUS_MOVE = YES;
				CLANG_WARN_SUSPICIOUS_MOVES = YES;
				CLANG_WARN_UNREACHABLE_CODE = YES;
				CLANG_WARN__DUPLICATE_METHOD_MATCH = YES;
				"CODE_SIGN_IDENTITY[sdk=iphoneos*]" = "iPhone Developer";
				COPY_PHASE_STRIP = NO;
				CURRENT_PROJECT_VERSION = 69;
				DEBUG_INFORMATION_FORMAT = "dwarf-with-dsym";
				ENABLE_NS_ASSERTIONS = NO;
				ENABLE_STRICT_OBJC_MSGSEND = YES;
				GCC_C_LANGUAGE_STANDARD = gnu99;
				GCC_NO_COMMON_BLOCKS = YES;
				GCC_WARN_64_TO_32_BIT_CONVERSION = YES;
				GCC_WARN_ABOUT_RETURN_TYPE = YES_ERROR;
				GCC_WARN_UNDECLARED_SELECTOR = YES;
				GCC_WARN_UNINITIALIZED_AUTOS = YES_AGGRESSIVE;
				GCC_WARN_UNUSED_FUNCTION = YES;
				GCC_WARN_UNUSED_VARIABLE = YES;
				IPHONEOS_DEPLOYMENT_TARGET = 10.0;
				MTL_ENABLE_DEBUG_INFO = NO;
				SDKROOT = iphoneos;
				SWIFT_OPTIMIZATION_LEVEL = "-Owholemodule";
				SWIFT_SWIFT3_OBJC_INFERENCE = Off;
				TARGETED_DEVICE_FAMILY = "1,2";
				VALIDATE_PRODUCT = YES;
			};
			name = Release;
		};
		F768D1461DCF17B40084E2EA /* Debug */ = {
			isa = XCBuildConfiguration;
			buildSettings = {
				ALWAYS_EMBED_SWIFT_STANDARD_LIBRARIES = YES;
				ASSETCATALOG_COMPILER_APPICON_NAME = AppIcon;
				"CODE_SIGN_IDENTITY[sdk=iphoneos*]" = "iPhone Developer";
				DEVELOPMENT_TEAM = N44EJ7YB22;
				FRAMEWORK_SEARCH_PATHS = (
					"$(inherited)",
					"$(PROJECT_DIR)/Carthage/Build/iOS",
				);
				INFOPLIST_FILE = Bee/Info.plist;
				LD_RUNPATH_SEARCH_PATHS = "$(inherited) @executable_path/Frameworks";
				PRODUCT_BUNDLE_IDENTIFIER = net.jeanetienne.Bee;
				PRODUCT_NAME = "$(TARGET_NAME)";
				PROVISIONING_PROFILE = "73c013f4-24ea-41f5-9b20-2db14424832a";
				PROVISIONING_PROFILE_SPECIFIER = "Wildcard App Development";
				SWIFT_VERSION = 4.0;
				TARGETED_DEVICE_FAMILY = 1;
			};
			name = Debug;
		};
		F768D1471DCF17B40084E2EA /* Release */ = {
			isa = XCBuildConfiguration;
			buildSettings = {
				ALWAYS_EMBED_SWIFT_STANDARD_LIBRARIES = YES;
				ASSETCATALOG_COMPILER_APPICON_NAME = AppIcon;
				"CODE_SIGN_IDENTITY[sdk=iphoneos*]" = "iPhone Distribution";
				DEVELOPMENT_TEAM = N44EJ7YB22;
				FRAMEWORK_SEARCH_PATHS = (
					"$(inherited)",
					"$(PROJECT_DIR)/Carthage/Build/iOS",
				);
				INFOPLIST_FILE = Bee/Info.plist;
				LD_RUNPATH_SEARCH_PATHS = "$(inherited) @executable_path/Frameworks";
				PRODUCT_BUNDLE_IDENTIFIER = net.jeanetienne.Bee;
				PRODUCT_NAME = "$(TARGET_NAME)";
				PROVISIONING_PROFILE = "4c7f6cac-ba90-4fa4-8ffc-ee8d733e9ef7";
				PROVISIONING_PROFILE_SPECIFIER = "Bee - AppStore";
				SWIFT_VERSION = 4.0;
				TARGETED_DEVICE_FAMILY = 1;
			};
			name = Release;
		};
		F768D1491DCF17B40084E2EA /* Debug */ = {
			isa = XCBuildConfiguration;
			buildSettings = {
				ALWAYS_EMBED_SWIFT_STANDARD_LIBRARIES = YES;
				BUNDLE_LOADER = "$(TEST_HOST)";
				DEVELOPMENT_TEAM = N44EJ7YB22;
				INFOPLIST_FILE = BeeTests/Info.plist;
				LD_RUNPATH_SEARCH_PATHS = "$(inherited) @executable_path/Frameworks @loader_path/Frameworks";
				PRODUCT_BUNDLE_IDENTIFIER = net.jeanetienne.BeeTests;
				PRODUCT_NAME = "$(TARGET_NAME)";
				SWIFT_VERSION = 4.0;
				TEST_HOST = "$(BUILT_PRODUCTS_DIR)/Bee.app/Bee";
			};
			name = Debug;
		};
		F768D14A1DCF17B40084E2EA /* Release */ = {
			isa = XCBuildConfiguration;
			buildSettings = {
				ALWAYS_EMBED_SWIFT_STANDARD_LIBRARIES = YES;
				BUNDLE_LOADER = "$(TEST_HOST)";
				DEVELOPMENT_TEAM = N44EJ7YB22;
				INFOPLIST_FILE = BeeTests/Info.plist;
				LD_RUNPATH_SEARCH_PATHS = "$(inherited) @executable_path/Frameworks @loader_path/Frameworks";
				PRODUCT_BUNDLE_IDENTIFIER = net.jeanetienne.BeeTests;
				PRODUCT_NAME = "$(TARGET_NAME)";
				SWIFT_VERSION = 4.0;
				TEST_HOST = "$(BUILT_PRODUCTS_DIR)/Bee.app/Bee";
			};
			name = Release;
		};
		F768D14C1DCF17B40084E2EA /* Debug */ = {
			isa = XCBuildConfiguration;
			buildSettings = {
				ALWAYS_EMBED_SWIFT_STANDARD_LIBRARIES = YES;
				DEVELOPMENT_TEAM = N44EJ7YB22;
				INFOPLIST_FILE = BeeUITests/Info.plist;
				LD_RUNPATH_SEARCH_PATHS = "$(inherited) @executable_path/Frameworks @loader_path/Frameworks";
				PRODUCT_BUNDLE_IDENTIFIER = net.jeanetienne.BeeUITests;
				PRODUCT_NAME = "$(TARGET_NAME)";
				SWIFT_OBJC_BRIDGING_HEADER = BeeUITests/BeeUITestsBridgingHeader.h;
				SWIFT_VERSION = 4.0;
				TEST_TARGET_NAME = Bee;
			};
			name = Debug;
		};
		F768D14D1DCF17B40084E2EA /* Release */ = {
			isa = XCBuildConfiguration;
			buildSettings = {
				ALWAYS_EMBED_SWIFT_STANDARD_LIBRARIES = YES;
				DEVELOPMENT_TEAM = N44EJ7YB22;
				INFOPLIST_FILE = BeeUITests/Info.plist;
				LD_RUNPATH_SEARCH_PATHS = "$(inherited) @executable_path/Frameworks @loader_path/Frameworks";
				PRODUCT_BUNDLE_IDENTIFIER = net.jeanetienne.BeeUITests;
				PRODUCT_NAME = "$(TARGET_NAME)";
				SWIFT_OBJC_BRIDGING_HEADER = BeeUITests/BeeUITestsBridgingHeader.h;
				SWIFT_VERSION = 4.0;
				TEST_TARGET_NAME = Bee;
			};
			name = Release;
		};
		F7B534E91DF5879600BD317F /* Debug */ = {
			isa = XCBuildConfiguration;
			buildSettings = {
				ASSETCATALOG_COMPILER_APPICON_NAME = AppIcon;
				DEVELOPMENT_TEAM = N44EJ7YB22;
				INFOPLIST_FILE = QuickSpell/Info.plist;
				LD_RUNPATH_SEARCH_PATHS = "$(inherited) @executable_path/Frameworks @executable_path/../../Frameworks";
				PRODUCT_BUNDLE_IDENTIFIER = net.jeanetienne.Bee.QuickSpell;
				PRODUCT_NAME = "$(TARGET_NAME)";
				PROVISIONING_PROFILE = "73c013f4-24ea-41f5-9b20-2db14424832a";
				PROVISIONING_PROFILE_SPECIFIER = "Wildcard App Development";
				SKIP_INSTALL = YES;
				SWIFT_VERSION = 4.0;
			};
			name = Debug;
		};
		F7B534EA1DF5879600BD317F /* Release */ = {
			isa = XCBuildConfiguration;
			buildSettings = {
				ASSETCATALOG_COMPILER_APPICON_NAME = AppIcon;
				"CODE_SIGN_IDENTITY[sdk=iphoneos*]" = "iPhone Distribution";
				DEVELOPMENT_TEAM = N44EJ7YB22;
				INFOPLIST_FILE = QuickSpell/Info.plist;
				LD_RUNPATH_SEARCH_PATHS = "$(inherited) @executable_path/Frameworks @executable_path/../../Frameworks";
				PRODUCT_BUNDLE_IDENTIFIER = net.jeanetienne.Bee.QuickSpell;
				PRODUCT_NAME = "$(TARGET_NAME)";
				PROVISIONING_PROFILE = "6208288e-2804-4a53-9b5d-88c8bd5b381b";
				PROVISIONING_PROFILE_SPECIFIER = "Bee Extension QuickSpell - Appstore";
				SKIP_INSTALL = YES;
				SWIFT_VERSION = 4.0;
			};
			name = Release;
		};
/* End XCBuildConfiguration section */

/* Begin XCConfigurationList section */
		F768D1181DCF17B40084E2EA /* Build configuration list for PBXProject "Bee" */ = {
			isa = XCConfigurationList;
			buildConfigurations = (
				F768D1431DCF17B40084E2EA /* Debug */,
				F768D1441DCF17B40084E2EA /* Release */,
			);
			defaultConfigurationIsVisible = 0;
			defaultConfigurationName = Release;
		};
		F768D1451DCF17B40084E2EA /* Build configuration list for PBXNativeTarget "Bee" */ = {
			isa = XCConfigurationList;
			buildConfigurations = (
				F768D1461DCF17B40084E2EA /* Debug */,
				F768D1471DCF17B40084E2EA /* Release */,
			);
			defaultConfigurationIsVisible = 0;
			defaultConfigurationName = Release;
		};
		F768D1481DCF17B40084E2EA /* Build configuration list for PBXNativeTarget "BeeTests" */ = {
			isa = XCConfigurationList;
			buildConfigurations = (
				F768D1491DCF17B40084E2EA /* Debug */,
				F768D14A1DCF17B40084E2EA /* Release */,
			);
			defaultConfigurationIsVisible = 0;
			defaultConfigurationName = Release;
		};
		F768D14B1DCF17B40084E2EA /* Build configuration list for PBXNativeTarget "BeeUITests" */ = {
			isa = XCConfigurationList;
			buildConfigurations = (
				F768D14C1DCF17B40084E2EA /* Debug */,
				F768D14D1DCF17B40084E2EA /* Release */,
			);
			defaultConfigurationIsVisible = 0;
			defaultConfigurationName = Release;
		};
		F7B534EB1DF5879600BD317F /* Build configuration list for PBXNativeTarget "QuickSpell" */ = {
			isa = XCConfigurationList;
			buildConfigurations = (
				F7B534E91DF5879600BD317F /* Debug */,
				F7B534EA1DF5879600BD317F /* Release */,
			);
			defaultConfigurationIsVisible = 0;
			defaultConfigurationName = Release;
		};
/* End XCConfigurationList section */
	};
	rootObject = F768D1151DCF17B40084E2EA /* Project object */;
}
